// !$*UTF8*$!
{
	archiveVersion = 1;
	classes = {
	};
	objectVersion = 48;
	objects = {

/* Begin PBXBuildFile section */
		B764FBAA2034361A00355016 /* AppDelegate.swift in Sources */ = {isa = PBXBuildFile; fileRef = B764FBA92034361A00355016 /* AppDelegate.swift */; };
		B764FBAC2034361A00355016 /* PermissionsViewController.swift in Sources */ = {isa = PBXBuildFile; fileRef = B764FBAB2034361A00355016 /* PermissionsViewController.swift */; };
		B764FBAF2034361A00355016 /* Permissions.storyboard in Resources */ = {isa = PBXBuildFile; fileRef = B764FBAD2034361A00355016 /* Permissions.storyboard */; };
		B764FBB12034361A00355016 /* Assets.xcassets in Resources */ = {isa = PBXBuildFile; fileRef = B764FBB02034361A00355016 /* Assets.xcassets */; };
		B764FBB42034361A00355016 /* LaunchScreen.storyboard in Resources */ = {isa = PBXBuildFile; fileRef = B764FBB22034361A00355016 /* LaunchScreen.storyboard */; };
		B764FBC120343D6100355016 /* Main.storyboard in Resources */ = {isa = PBXBuildFile; fileRef = B764FBC020343D6100355016 /* Main.storyboard */; };
		B764FBC320343D9A00355016 /* RootViewController.swift in Sources */ = {isa = PBXBuildFile; fileRef = B764FBC220343D9A00355016 /* RootViewController.swift */; };
		B764FBC72034404A00355016 /* MemoryCell.swift in Sources */ = {isa = PBXBuildFile; fileRef = B764FBC62034404A00355016 /* MemoryCell.swift */; };
		B764FBCA2035CD9500355016 /* PermissionsManager.swift in Sources */ = {isa = PBXBuildFile; fileRef = B764FBC92035CD9500355016 /* PermissionsManager.swift */; };
		B764FBCE203602DD00355016 /* UIimage.swift in Sources */ = {isa = PBXBuildFile; fileRef = B764FBCD203602DD00355016 /* UIimage.swift */; };
/* End PBXBuildFile section */

/* Begin PBXFileReference section */
		B764FBA62034361A00355016 /* Happy Days.app */ = {isa = PBXFileReference; explicitFileType = wrapper.application; includeInIndex = 0; path = "Happy Days.app"; sourceTree = BUILT_PRODUCTS_DIR; };
		B764FBA92034361A00355016 /* AppDelegate.swift */ = {isa = PBXFileReference; lastKnownFileType = sourcecode.swift; path = AppDelegate.swift; sourceTree = "<group>"; };
		B764FBAB2034361A00355016 /* PermissionsViewController.swift */ = {isa = PBXFileReference; lastKnownFileType = sourcecode.swift; path = PermissionsViewController.swift; sourceTree = "<group>"; };
		B764FBAE2034361A00355016 /* Base */ = {isa = PBXFileReference; lastKnownFileType = file.storyboard; name = Base; path = Base.lproj/Permissions.storyboard; sourceTree = "<group>"; };
		B764FBB02034361A00355016 /* Assets.xcassets */ = {isa = PBXFileReference; lastKnownFileType = folder.assetcatalog; path = Assets.xcassets; sourceTree = "<group>"; };
		B764FBB32034361A00355016 /* Base */ = {isa = PBXFileReference; lastKnownFileType = file.storyboard; name = Base; path = Base.lproj/LaunchScreen.storyboard; sourceTree = "<group>"; };
		B764FBB52034361A00355016 /* Info.plist */ = {isa = PBXFileReference; lastKnownFileType = text.plist.xml; path = Info.plist; sourceTree = "<group>"; };
		B764FBC020343D6100355016 /* Main.storyboard */ = {isa = PBXFileReference; lastKnownFileType = file.storyboard; path = Main.storyboard; sourceTree = "<group>"; };
		B764FBC220343D9A00355016 /* RootViewController.swift */ = {isa = PBXFileReference; lastKnownFileType = sourcecode.swift; path = RootViewController.swift; sourceTree = "<group>"; };
		B764FBC62034404A00355016 /* MemoryCell.swift */ = {isa = PBXFileReference; lastKnownFileType = sourcecode.swift; path = MemoryCell.swift; sourceTree = "<group>"; };
		B764FBC92035CD9500355016 /* PermissionsManager.swift */ = {isa = PBXFileReference; lastKnownFileType = sourcecode.swift; path = PermissionsManager.swift; sourceTree = "<group>"; };
		B764FBCD203602DD00355016 /* UIimage.swift */ = {isa = PBXFileReference; lastKnownFileType = sourcecode.swift; path = UIimage.swift; sourceTree = "<group>"; };
/* End PBXFileReference section */

/* Begin PBXFrameworksBuildPhase section */
		B764FBA32034361A00355016 /* Frameworks */ = {
			isa = PBXFrameworksBuildPhase;
			buildActionMask = 2147483647;
			files = (
			);
			runOnlyForDeploymentPostprocessing = 0;
		};
/* End PBXFrameworksBuildPhase section */

/* Begin PBXGroup section */
		B764FB9D2034361A00355016 = {
			isa = PBXGroup;
			children = (
				B764FBA82034361A00355016 /* Happy Days */,
				B764FBA72034361A00355016 /* Products */,
			);
			sourceTree = "<group>";
		};
		B764FBA72034361A00355016 /* Products */ = {
			isa = PBXGroup;
			children = (
				B764FBA62034361A00355016 /* Happy Days.app */,
			);
			name = Products;
			sourceTree = "<group>";
		};
		B764FBA82034361A00355016 /* Happy Days */ = {
			isa = PBXGroup;
			children = (
				B764FBCB203602C100355016 /* Extensions */,
				B764FBC82035CD8300355016 /* Model */,
				B764FBC42034402600355016 /* UIKit */,
				B764FBBF203436EE00355016 /* Configuration */,
				B764FBBE203436E500355016 /* Resources */,
				B764FBBD203436DA00355016 /* Storyboards */,
				B764FBBC203436B000355016 /* View Controllers */,
				B764FBBB2034368D00355016 /* Application Delegate */,
			);
			path = "Happy Days";
			sourceTree = "<group>";
		};
		B764FBBB2034368D00355016 /* Application Delegate */ = {
			isa = PBXGroup;
			children = (
				B764FBA92034361A00355016 /* AppDelegate.swift */,
			);
			path = "Application Delegate";
			sourceTree = "<group>";
		};
		B764FBBC203436B000355016 /* View Controllers */ = {
			isa = PBXGroup;
			children = (
				B764FBAB2034361A00355016 /* PermissionsViewController.swift */,
				B764FBC220343D9A00355016 /* RootViewController.swift */,
			);
			path = "View Controllers";
			sourceTree = "<group>";
		};
		B764FBBD203436DA00355016 /* Storyboards */ = {
			isa = PBXGroup;
			children = (
				B764FBB22034361A00355016 /* LaunchScreen.storyboard */,
				B764FBAD2034361A00355016 /* Permissions.storyboard */,
				B764FBC020343D6100355016 /* Main.storyboard */,
			);
			path = Storyboards;
			sourceTree = "<group>";
		};
		B764FBBE203436E500355016 /* Resources */ = {
			isa = PBXGroup;
			children = (
				B764FBB02034361A00355016 /* Assets.xcassets */,
			);
			path = Resources;
			sourceTree = "<group>";
		};
		B764FBBF203436EE00355016 /* Configuration */ = {
			isa = PBXGroup;
			children = (
				B764FBB52034361A00355016 /* Info.plist */,
			);
			path = Configuration;
			sourceTree = "<group>";
		};
		B764FBC42034402600355016 /* UIKit */ = {
			isa = PBXGroup;
			children = (
				B764FBC52034402B00355016 /* CollectionViewCell */,
			);
			path = UIKit;
			sourceTree = "<group>";
		};
		B764FBC52034402B00355016 /* CollectionViewCell */ = {
			isa = PBXGroup;
			children = (
				B764FBC62034404A00355016 /* MemoryCell.swift */,
			);
			path = CollectionViewCell;
			sourceTree = "<group>";
		};
		B764FBC82035CD8300355016 /* Model */ = {
			isa = PBXGroup;
			children = (
				B764FBC92035CD9500355016 /* PermissionsManager.swift */,
			);
			path = Model;
			sourceTree = "<group>";
		};
		B764FBCB203602C100355016 /* Extensions */ = {
			isa = PBXGroup;
			children = (
				B764FBCD203602DD00355016 /* UIimage.swift */,
			);
			path = Extensions;
			sourceTree = "<group>";
		};
/* End PBXGroup section */

/* Begin PBXNativeTarget section */
		B764FBA52034361A00355016 /* Happy Days */ = {
			isa = PBXNativeTarget;
			buildConfigurationList = B764FBB82034361A00355016 /* Build configuration list for PBXNativeTarget "Happy Days" */;
			buildPhases = (
				B764FBA22034361A00355016 /* Sources */,
				B764FBA32034361A00355016 /* Frameworks */,
				B764FBA42034361A00355016 /* Resources */,
			);
			buildRules = (
			);
			dependencies = (
			);
			name = "Happy Days";
			productName = "Happy Days";
			productReference = B764FBA62034361A00355016 /* Happy Days.app */;
			productType = "com.apple.product-type.application";
		};
/* End PBXNativeTarget section */

/* Begin PBXProject section */
		B764FB9E2034361A00355016 /* Project object */ = {
			isa = PBXProject;
			attributes = {
				LastSwiftUpdateCheck = 0920;
				LastUpgradeCheck = 0920;
				ORGANIZATIONNAME = "Артур Азаров";
				TargetAttributes = {
					B764FBA52034361A00355016 = {
						CreatedOnToolsVersion = 9.2;
						ProvisioningStyle = Automatic;
					};
				};
			};
			buildConfigurationList = B764FBA12034361A00355016 /* Build configuration list for PBXProject "Happy Days" */;
			compatibilityVersion = "Xcode 8.0";
			developmentRegion = en;
			hasScannedForEncodings = 0;
			knownRegions = (
				en,
				Base,
			);
			mainGroup = B764FB9D2034361A00355016;
			productRefGroup = B764FBA72034361A00355016 /* Products */;
			projectDirPath = "";
			projectRoot = "";
			targets = (
				B764FBA52034361A00355016 /* Happy Days */,
			);
		};
/* End PBXProject section */

/* Begin PBXResourcesBuildPhase section */
		B764FBA42034361A00355016 /* Resources */ = {
			isa = PBXResourcesBuildPhase;
			buildActionMask = 2147483647;
			files = (
				B764FBB42034361A00355016 /* LaunchScreen.storyboard in Resources */,
				B764FBB12034361A00355016 /* Assets.xcassets in Resources */,
				B764FBAF2034361A00355016 /* Permissions.storyboard in Resources */,
				B764FBC120343D6100355016 /* Main.storyboard in Resources */,
			);
			runOnlyForDeploymentPostprocessing = 0;
		};
/* End PBXResourcesBuildPhase section */

/* Begin PBXSourcesBuildPhase section */
		B764FBA22034361A00355016 /* Sources */ = {
			isa = PBXSourcesBuildPhase;
			buildActionMask = 2147483647;
			files = (
				B764FBCA2035CD9500355016 /* PermissionsManager.swift in Sources */,
				B764FBC72034404A00355016 /* MemoryCell.swift in Sources */,
				B764FBAC2034361A00355016 /* PermissionsViewController.swift in Sources */,
				B764FBCE203602DD00355016 /* UIimage.swift in Sources */,
				B764FBAA2034361A00355016 /* AppDelegate.swift in Sources */,
				B764FBC320343D9A00355016 /* RootViewController.swift in Sources */,
			);
			runOnlyForDeploymentPostprocessing = 0;
		};
/* End PBXSourcesBuildPhase section */

/* Begin PBXVariantGroup section */
		B764FBAD2034361A00355016 /* Permissions.storyboard */ = {
			isa = PBXVariantGroup;
			children = (
				B764FBAE2034361A00355016 /* Base */,
			);
			name = Permissions.storyboard;
			sourceTree = "<group>";
		};
		B764FBB22034361A00355016 /* LaunchScreen.storyboard */ = {
			isa = PBXVariantGroup;
			children = (
				B764FBB32034361A00355016 /* Base */,
			);
			name = LaunchScreen.storyboard;
			sourceTree = "<group>";
		};
/* End PBXVariantGroup section */

/* Begin XCBuildConfiguration section */
		B764FBB62034361A00355016 /* Debug */ = {
			isa = XCBuildConfiguration;
			buildSettings = {
				ALWAYS_SEARCH_USER_PATHS = NO;
				CLANG_ANALYZER_NONNULL = YES;
				CLANG_ANALYZER_NUMBER_OBJECT_CONVERSION = YES_AGGRESSIVE;
				CLANG_CXX_LANGUAGE_STANDARD = "gnu++14";
				CLANG_CXX_LIBRARY = "libc++";
				CLANG_ENABLE_MODULES = YES;
				CLANG_ENABLE_OBJC_ARC = YES;
				CLANG_WARN_BLOCK_CAPTURE_AUTORELEASING = YES;
				CLANG_WARN_BOOL_CONVERSION = YES;
				CLANG_WARN_COMMA = YES;
				CLANG_WARN_CONSTANT_CONVERSION = YES;
				CLANG_WARN_DIRECT_OBJC_ISA_USAGE = YES_ERROR;
				CLANG_WARN_DOCUMENTATION_COMMENTS = YES;
				CLANG_WARN_EMPTY_BODY = YES;
				CLANG_WARN_ENUM_CONVERSION = YES;
				CLANG_WARN_INFINITE_RECURSION = YES;
				CLANG_WARN_INT_CONVERSION = YES;
				CLANG_WARN_NON_LITERAL_NULL_CONVERSION = YES;
				CLANG_WARN_OBJC_LITERAL_CONVERSION = YES;
				CLANG_WARN_OBJC_ROOT_CLASS = YES_ERROR;
				CLANG_WARN_RANGE_LOOP_ANALYSIS = YES;
				CLANG_WARN_STRICT_PROTOTYPES = YES;
				CLANG_WARN_SUSPICIOUS_MOVE = YES;
				CLANG_WARN_UNGUARDED_AVAILABILITY = YES_AGGRESSIVE;
				CLANG_WARN_UNREACHABLE_CODE = YES;
				CLANG_WARN__DUPLICATE_METHOD_MATCH = YES;
				CODE_SIGN_IDENTITY = "iPhone Developer";
				COPY_PHASE_STRIP = NO;
				DEBUG_INFORMATION_FORMAT = dwarf;
				ENABLE_STRICT_OBJC_MSGSEND = YES;
				ENABLE_TESTABILITY = YES;
				GCC_C_LANGUAGE_STANDARD = gnu11;
				GCC_DYNAMIC_NO_PIC = NO;
				GCC_NO_COMMON_BLOCKS = YES;
				GCC_OPTIMIZATION_LEVEL = 0;
				GCC_PREPROCESSOR_DEFINITIONS = (
					"DEBUG=1",
					"$(inherited)",
				);
				GCC_WARN_64_TO_32_BIT_CONVERSION = YES;
				GCC_WARN_ABOUT_RETURN_TYPE = YES_ERROR;
				GCC_WARN_UNDECLARED_SELECTOR = YES;
				GCC_WARN_UNINITIALIZED_AUTOS = YES_AGGRESSIVE;
				GCC_WARN_UNUSED_FUNCTION = YES;
				GCC_WARN_UNUSED_VARIABLE = YES;
				IPHONEOS_DEPLOYMENT_TARGET = 11.2;
				MTL_ENABLE_DEBUG_INFO = YES;
				ONLY_ACTIVE_ARCH = YES;
				SDKROOT = iphoneos;
				SWIFT_ACTIVE_COMPILATION_CONDITIONS = DEBUG;
				SWIFT_OPTIMIZATION_LEVEL = "-Onone";
			};
			name = Debug;
		};
		B764FBB72034361A00355016 /* Release */ = {
			isa = XCBuildConfiguration;
			buildSettings = {
				ALWAYS_SEARCH_USER_PATHS = NO;
				CLANG_ANALYZER_NONNULL = YES;
				CLANG_ANALYZER_NUMBER_OBJECT_CONVERSION = YES_AGGRESSIVE;
				CLANG_CXX_LANGUAGE_STANDARD = "gnu++14";
				CLANG_CXX_LIBRARY = "libc++";
				CLANG_ENABLE_MODULES = YES;
				CLANG_ENABLE_OBJC_ARC = YES;
				CLANG_WARN_BLOCK_CAPTURE_AUTORELEASING = YES;
				CLANG_WARN_BOOL_CONVERSION = YES;
				CLANG_WARN_COMMA = YES;
				CLANG_WARN_CONSTANT_CONVERSION = YES;
				CLANG_WARN_DIRECT_OBJC_ISA_USAGE = YES_ERROR;
				CLANG_WARN_DOCUMENTATION_COMMENTS = YES;
				CLANG_WARN_EMPTY_BODY = YES;
				CLANG_WARN_ENUM_CONVERSION = YES;
				CLANG_WARN_INFINITE_RECURSION = YES;
				CLANG_WARN_INT_CONVERSION = YES;
				CLANG_WARN_NON_LITERAL_NULL_CONVERSION = YES;
				CLANG_WARN_OBJC_LITERAL_CONVERSION = YES;
				CLANG_WARN_OBJC_ROOT_CLASS = YES_ERROR;
				CLANG_WARN_RANGE_LOOP_ANALYSIS = YES;
				CLANG_WARN_STRICT_PROTOTYPES = YES;
				CLANG_WARN_SUSPICIOUS_MOVE = YES;
				CLANG_WARN_UNGUARDED_AVAILABILITY = YES_AGGRESSIVE;
				CLANG_WARN_UNREACHABLE_CODE = YES;
				CLANG_WARN__DUPLICATE_METHOD_MATCH = YES;
				CODE_SIGN_IDENTITY = "iPhone Developer";
				COPY_PHASE_STRIP = NO;
				DEBUG_INFORMATION_FORMAT = "dwarf-with-dsym";
				ENABLE_NS_ASSERTIONS = NO;
				ENABLE_STRICT_OBJC_MSGSEND = YES;
				GCC_C_LANGUAGE_STANDARD = gnu11;
				GCC_NO_COMMON_BLOCKS = YES;
				GCC_WARN_64_TO_32_BIT_CONVERSION = YES;
				GCC_WARN_ABOUT_RETURN_TYPE = YES_ERROR;
				GCC_WARN_UNDECLARED_SELECTOR = YES;
				GCC_WARN_UNINITIALIZED_AUTOS = YES_AGGRESSIVE;
				GCC_WARN_UNUSED_FUNCTION = YES;
				GCC_WARN_UNUSED_VARIABLE = YES;
				IPHONEOS_DEPLOYMENT_TARGET = 11.2;
				MTL_ENABLE_DEBUG_INFO = NO;
				SDKROOT = iphoneos;
				SWIFT_OPTIMIZATION_LEVEL = "-Owholemodule";
				VALIDATE_PRODUCT = YES;
			};
			name = Release;
		};
		B764FBB92034361A00355016 /* Debug */ = {
			isa = XCBuildConfiguration;
			buildSettings = {
				ASSETCATALOG_COMPILER_APPICON_NAME = AppIcon;
				CODE_SIGN_STYLE = Automatic;
				DEVELOPMENT_TEAM = 9YH3LZQ69V;
				INFOPLIST_FILE = "$(SRCROOT)/Happy Days/Configuration/Info.plist";
				LD_RUNPATH_SEARCH_PATHS = "$(inherited) @executable_path/Frameworks";
				PRODUCT_BUNDLE_IDENTIFIER = "com.arturazarau.Happy-Days";
				PRODUCT_NAME = "$(TARGET_NAME)";
				SWIFT_VERSION = 4.0;
				TARGETED_DEVICE_FAMILY = "1,2";
			};
			name = Debug;
		};
		B764FBBA2034361A00355016 /* Release */ = {
			isa = XCBuildConfiguration;
			buildSettings = {
				ASSETCATALOG_COMPILER_APPICON_NAME = AppIcon;
				CODE_SIGN_STYLE = Automatic;
				DEVELOPMENT_TEAM = 9YH3LZQ69V;
				INFOPLIST_FILE = "$(SRCROOT)/Happy Days/Configuration/Info.plist";
				LD_RUNPATH_SEARCH_PATHS = "$(inherited) @executable_path/Frameworks";
				PRODUCT_BUNDLE_IDENTIFIER = "com.arturazarau.Happy-Days";
				PRODUCT_NAME = "$(TARGET_NAME)";
				SWIFT_VERSION = 4.0;
				TARGETED_DEVICE_FAMILY = "1,2";
			};
			name = Release;
		};
/* End XCBuildConfiguration section */

/* Begin XCConfigurationList section */
		B764FBA12034361A00355016 /* Build configuration list for PBXProject "Happy Days" */ = {
			isa = XCConfigurationList;
			buildConfigurations = (
				B764FBB62034361A00355016 /* Debug */,
				B764FBB72034361A00355016 /* Release */,
			);
			defaultConfigurationIsVisible = 0;
			defaultConfigurationName = Release;
		};
		B764FBB82034361A00355016 /* Build configuration list for PBXNativeTarget "Happy Days" */ = {
			isa = XCConfigurationList;
			buildConfigurations = (
				B764FBB92034361A00355016 /* Debug */,
				B764FBBA2034361A00355016 /* Release */,
			);
			defaultConfigurationIsVisible = 0;
			defaultConfigurationName = Release;
		};
/* End XCConfigurationList section */
	};
	rootObject = B764FB9E2034361A00355016 /* Project object */;
}
